// !$*UTF8*$!
{
	archiveVersion = 1;
	classes = {
	};
	objectVersion = 48;
	objects = {

/* Begin PBXBuildFile section */
		DC0C75FA1F8C3CAA00C7F47C /* DFATest.swift in Sources */ = {isa = PBXBuildFile; fileRef = DC0C75F91F8C3CAA00C7F47C /* DFATest.swift */; };
		DC3BB43F1F9670880009B0F4 /* PDA.swift in Sources */ = {isa = PBXBuildFile; fileRef = DC3BB43E1F9670880009B0F4 /* PDA.swift */; };
		DC3BB4431F96708F0009B0F4 /* PDAState.swift in Sources */ = {isa = PBXBuildFile; fileRef = DC3BB4421F96708F0009B0F4 /* PDAState.swift */; };
		DC3BB4451F96760F0009B0F4 /* PDATransitionInput.swift in Sources */ = {isa = PBXBuildFile; fileRef = DC3BB4441F96760F0009B0F4 /* PDATransitionInput.swift */; };
		DC4062132056C82300EE21B5 /* DFAComparer.swift in Sources */ = {isa = PBXBuildFile; fileRef = DC4062122056C82300EE21B5 /* DFAComparer.swift */; };
		DC4062162056C87A00EE21B5 /* CoronaConvenience.framework in Frameworks */ = {isa = PBXBuildFile; fileRef = DCB55D381F8BEBEB00C4D727 /* CoronaConvenience.framework */; };
		DC416DC51F890FC200C6F980 /* NFAConverter.swift in Sources */ = {isa = PBXBuildFile; fileRef = DC416DC41F890FC200C6F980 /* NFAConverter.swift */; };
		DC416DC71F890FD100C6F980 /* DFAMinimizer.swift in Sources */ = {isa = PBXBuildFile; fileRef = DC416DC61F890FD100C6F980 /* DFAMinimizer.swift */; };
		DC45D34D1F9A6FC10002C8FE /* PDATest.swift in Sources */ = {isa = PBXBuildFile; fileRef = DC45D34C1F9A6FC10002C8FE /* PDATest.swift */; };
		DC9C67DA1F8D51300052351F /* NFATest.swift in Sources */ = {isa = PBXBuildFile; fileRef = DC9C67D91F8D51300052351F /* NFATest.swift */; };
		DC9C67DE1F8D57B10052351F /* DFAMinimizerTest.swift in Sources */ = {isa = PBXBuildFile; fileRef = DC9C67DD1F8D57B10052351F /* DFAMinimizerTest.swift */; };
		DCB55D2F1F8BCFEC00C4D727 /* State.swift in Sources */ = {isa = PBXBuildFile; fileRef = DCB55D2E1F8BCFEC00C4D727 /* State.swift */; };
		DCB55D311F8BEA4400C4D727 /* AutomataParser.swift in Sources */ = {isa = PBXBuildFile; fileRef = DCB55D301F8BEA4400C4D727 /* AutomataParser.swift */; };
		DCB55D3C1F8BEBF300C4D727 /* CoronaConvenience.framework in Frameworks */ = {isa = PBXBuildFile; fileRef = DCB55D381F8BEBEB00C4D727 /* CoronaConvenience.framework */; };
		DCB55D3E1F8C347700C4D727 /* AutomataTestCase.swift in Sources */ = {isa = PBXBuildFile; fileRef = DCB55D3D1F8C347700C4D727 /* AutomataTestCase.swift */; };
		DCB55D401F8C36B100C4D727 /* AutomataParserTest.swift in Sources */ = {isa = PBXBuildFile; fileRef = DCB55D3F1F8C36B100C4D727 /* AutomataParserTest.swift */; };
		DCD4E19E1F886BB60026BC74 /* Automata.framework in Frameworks */ = {isa = PBXBuildFile; fileRef = DCD4E1941F886BB60026BC74 /* Automata.framework */; };
		DCD4E1B11F886BD60026BC74 /* Automata.swift in Sources */ = {isa = PBXBuildFile; fileRef = DCD4E1B01F886BD60026BC74 /* Automata.swift */; };
		DCD4E1B31F886BDC0026BC74 /* DFA.swift in Sources */ = {isa = PBXBuildFile; fileRef = DCD4E1B21F886BDC0026BC74 /* DFA.swift */; };
		DCD4E1B51F886BEA0026BC74 /* NFA.swift in Sources */ = {isa = PBXBuildFile; fileRef = DCD4E1B41F886BEA0026BC74 /* NFA.swift */; };
		DCD4E1B71F886C040026BC74 /* Parser.swift in Sources */ = {isa = PBXBuildFile; fileRef = DCD4E1B61F886C040026BC74 /* Parser.swift */; };
		DCD4E1B91F886C080026BC74 /* DFAState.swift in Sources */ = {isa = PBXBuildFile; fileRef = DCD4E1B81F886C080026BC74 /* DFAState.swift */; };
		DCD4E1BB1F886C0C0026BC74 /* NFAState.swift in Sources */ = {isa = PBXBuildFile; fileRef = DCD4E1BA1F886C0C0026BC74 /* NFAState.swift */; };
		DCD4E1BD1F8876E10026BC74 /* AutomataError.swift in Sources */ = {isa = PBXBuildFile; fileRef = DCD4E1BC1F8876E10026BC74 /* AutomataError.swift */; };
/* End PBXBuildFile section */

/* Begin PBXContainerItemProxy section */
		DCB55D371F8BEBEB00C4D727 /* PBXContainerItemProxy */ = {
			isa = PBXContainerItemProxy;
			containerPortal = DCB55D321F8BEBEB00C4D727 /* CoronaConvenience.xcodeproj */;
			proxyType = 2;
			remoteGlobalIDString = DC4D07951D7D233A00862432;
			remoteInfo = CoronaConvenience;
		};
		DCB55D391F8BEBEB00C4D727 /* PBXContainerItemProxy */ = {
			isa = PBXContainerItemProxy;
			containerPortal = DCB55D321F8BEBEB00C4D727 /* CoronaConvenience.xcodeproj */;
			proxyType = 2;
			remoteGlobalIDString = DC6B68CA1EB59E7700B0FF92;
			remoteInfo = CoronaConvenience.Tests;
		};
		DCD4E19F1F886BB60026BC74 /* PBXContainerItemProxy */ = {
			isa = PBXContainerItemProxy;
			containerPortal = DCD4E18B1F886BB60026BC74 /* Project object */;
			proxyType = 1;
			remoteGlobalIDString = DCD4E1931F886BB60026BC74;
			remoteInfo = Automata;
		};
/* End PBXContainerItemProxy section */

/* Begin PBXFileReference section */
		DC0C75F91F8C3CAA00C7F47C /* DFATest.swift */ = {isa = PBXFileReference; lastKnownFileType = sourcecode.swift; path = DFATest.swift; sourceTree = "<group>"; };
		DC3BB43E1F9670880009B0F4 /* PDA.swift */ = {isa = PBXFileReference; lastKnownFileType = sourcecode.swift; path = PDA.swift; sourceTree = "<group>"; };
		DC3BB4421F96708F0009B0F4 /* PDAState.swift */ = {isa = PBXFileReference; lastKnownFileType = sourcecode.swift; path = PDAState.swift; sourceTree = "<group>"; };
		DC3BB4441F96760F0009B0F4 /* PDATransitionInput.swift */ = {isa = PBXFileReference; lastKnownFileType = sourcecode.swift; path = PDATransitionInput.swift; sourceTree = "<group>"; };
		DC4062122056C82300EE21B5 /* DFAComparer.swift */ = {isa = PBXFileReference; lastKnownFileType = sourcecode.swift; path = DFAComparer.swift; sourceTree = "<group>"; };
		DC416DC41F890FC200C6F980 /* NFAConverter.swift */ = {isa = PBXFileReference; lastKnownFileType = sourcecode.swift; path = NFAConverter.swift; sourceTree = "<group>"; };
		DC416DC61F890FD100C6F980 /* DFAMinimizer.swift */ = {isa = PBXFileReference; lastKnownFileType = sourcecode.swift; path = DFAMinimizer.swift; sourceTree = "<group>"; };
		DC45D34C1F9A6FC10002C8FE /* PDATest.swift */ = {isa = PBXFileReference; lastKnownFileType = sourcecode.swift; path = PDATest.swift; sourceTree = "<group>"; };
		DC9C67D91F8D51300052351F /* NFATest.swift */ = {isa = PBXFileReference; lastKnownFileType = sourcecode.swift; path = NFATest.swift; sourceTree = "<group>"; };
		DC9C67DD1F8D57B10052351F /* DFAMinimizerTest.swift */ = {isa = PBXFileReference; lastKnownFileType = sourcecode.swift; path = DFAMinimizerTest.swift; sourceTree = "<group>"; };
		DCB55D2E1F8BCFEC00C4D727 /* State.swift */ = {isa = PBXFileReference; lastKnownFileType = sourcecode.swift; path = State.swift; sourceTree = "<group>"; };
		DCB55D301F8BEA4400C4D727 /* AutomataParser.swift */ = {isa = PBXFileReference; lastKnownFileType = sourcecode.swift; path = AutomataParser.swift; sourceTree = "<group>"; };
		DCB55D321F8BEBEB00C4D727 /* CoronaConvenience.xcodeproj */ = {isa = PBXFileReference; lastKnownFileType = "wrapper.pb-project"; name = CoronaConvenience.xcodeproj; path = ../CoronaConvenience/CoronaConvenience.xcodeproj; sourceTree = "<group>"; };
		DCB55D3D1F8C347700C4D727 /* AutomataTestCase.swift */ = {isa = PBXFileReference; lastKnownFileType = sourcecode.swift; path = AutomataTestCase.swift; sourceTree = "<group>"; };
		DCB55D3F1F8C36B100C4D727 /* AutomataParserTest.swift */ = {isa = PBXFileReference; lastKnownFileType = sourcecode.swift; name = AutomataParserTest.swift; path = AutomataTests/AutomataParserTest.swift; sourceTree = SOURCE_ROOT; };
		DCD4E1941F886BB60026BC74 /* Automata.framework */ = {isa = PBXFileReference; explicitFileType = wrapper.framework; includeInIndex = 0; path = Automata.framework; sourceTree = BUILT_PRODUCTS_DIR; };
		DCD4E1981F886BB60026BC74 /* Info.plist */ = {isa = PBXFileReference; lastKnownFileType = text.plist.xml; path = Info.plist; sourceTree = "<group>"; };
		DCD4E19D1F886BB60026BC74 /* AutomataTests.xctest */ = {isa = PBXFileReference; explicitFileType = wrapper.cfbundle; includeInIndex = 0; path = AutomataTests.xctest; sourceTree = BUILT_PRODUCTS_DIR; };
		DCD4E1A41F886BB60026BC74 /* Info.plist */ = {isa = PBXFileReference; lastKnownFileType = text.plist.xml; path = Info.plist; sourceTree = "<group>"; };
		DCD4E1B01F886BD60026BC74 /* Automata.swift */ = {isa = PBXFileReference; lastKnownFileType = sourcecode.swift; path = Automata.swift; sourceTree = "<group>"; };
		DCD4E1B21F886BDC0026BC74 /* DFA.swift */ = {isa = PBXFileReference; lastKnownFileType = sourcecode.swift; path = DFA.swift; sourceTree = "<group>"; };
		DCD4E1B41F886BEA0026BC74 /* NFA.swift */ = {isa = PBXFileReference; lastKnownFileType = sourcecode.swift; path = NFA.swift; sourceTree = "<group>"; };
		DCD4E1B61F886C040026BC74 /* Parser.swift */ = {isa = PBXFileReference; lastKnownFileType = sourcecode.swift; path = Parser.swift; sourceTree = "<group>"; };
		DCD4E1B81F886C080026BC74 /* DFAState.swift */ = {isa = PBXFileReference; lastKnownFileType = sourcecode.swift; path = DFAState.swift; sourceTree = "<group>"; };
		DCD4E1BA1F886C0C0026BC74 /* NFAState.swift */ = {isa = PBXFileReference; lastKnownFileType = sourcecode.swift; path = NFAState.swift; sourceTree = "<group>"; };
		DCD4E1BC1F8876E10026BC74 /* AutomataError.swift */ = {isa = PBXFileReference; lastKnownFileType = sourcecode.swift; path = AutomataError.swift; sourceTree = "<group>"; };
/* End PBXFileReference section */

/* Begin PBXFrameworksBuildPhase section */
		DCD4E1901F886BB60026BC74 /* Frameworks */ = {
			isa = PBXFrameworksBuildPhase;
			buildActionMask = 2147483647;
			files = (
				DC4062162056C87A00EE21B5 /* CoronaConvenience.framework in Frameworks */,
			);
			runOnlyForDeploymentPostprocessing = 0;
		};
		DCD4E19A1F886BB60026BC74 /* Frameworks */ = {
			isa = PBXFrameworksBuildPhase;
			buildActionMask = 2147483647;
			files = (
				DCB55D3C1F8BEBF300C4D727 /* CoronaConvenience.framework in Frameworks */,
				DCD4E19E1F886BB60026BC74 /* Automata.framework in Frameworks */,
			);
			runOnlyForDeploymentPostprocessing = 0;
		};
/* End PBXFrameworksBuildPhase section */

/* Begin PBXGroup section */
		DCB55D331F8BEBEB00C4D727 /* Products */ = {
			isa = PBXGroup;
			children = (
				DCB55D381F8BEBEB00C4D727 /* CoronaConvenience.framework */,
				DCB55D3A1F8BEBEB00C4D727 /* CoronaConvenience.Tests.xctest */,
			);
			name = Products;
			sourceTree = "<group>";
		};
		DCB55D3B1F8BEBF300C4D727 /* Frameworks */ = {
			isa = PBXGroup;
			children = (
			);
			name = Frameworks;
			sourceTree = "<group>";
		};
		DCD4E18A1F886BB60026BC74 = {
			isa = PBXGroup;
			children = (
				DCB55D321F8BEBEB00C4D727 /* CoronaConvenience.xcodeproj */,
				DCD4E1961F886BB60026BC74 /* Automata */,
				DCD4E1A11F886BB60026BC74 /* AutomataTests */,
				DCD4E1951F886BB60026BC74 /* Products */,
				DCB55D3B1F8BEBF300C4D727 /* Frameworks */,
			);
			sourceTree = "<group>";
		};
		DCD4E1951F886BB60026BC74 /* Products */ = {
			isa = PBXGroup;
			children = (
				DCD4E1941F886BB60026BC74 /* Automata.framework */,
				DCD4E19D1F886BB60026BC74 /* AutomataTests.xctest */,
			);
			name = Products;
			sourceTree = "<group>";
		};
		DCD4E1961F886BB60026BC74 /* Automata */ = {
			isa = PBXGroup;
			children = (
				DCD4E1981F886BB60026BC74 /* Info.plist */,
				DCD4E1B01F886BD60026BC74 /* Automata.swift */,
				DCB55D301F8BEA4400C4D727 /* AutomataParser.swift */,
				DCD4E1BC1F8876E10026BC74 /* AutomataError.swift */,
				DCD4E1B21F886BDC0026BC74 /* DFA.swift */,
				DC4062122056C82300EE21B5 /* DFAComparer.swift */,
				DC416DC61F890FD100C6F980 /* DFAMinimizer.swift */,
				DCD4E1B81F886C080026BC74 /* DFAState.swift */,
				DCD4E1B41F886BEA0026BC74 /* NFA.swift */,
				DC416DC41F890FC200C6F980 /* NFAConverter.swift */,
				DCD4E1BA1F886C0C0026BC74 /* NFAState.swift */,
				DC3BB43E1F9670880009B0F4 /* PDA.swift */,
				DC3BB4421F96708F0009B0F4 /* PDAState.swift */,
				DC3BB4441F96760F0009B0F4 /* PDATransitionInput.swift */,
				DCD4E1B61F886C040026BC74 /* Parser.swift */,
				DCB55D2E1F8BCFEC00C4D727 /* State.swift */,
			);
			path = Automata;
			sourceTree = "<group>";
		};
		DCD4E1A11F886BB60026BC74 /* AutomataTests */ = {
			isa = PBXGroup;
			children = (
				DCB55D3F1F8C36B100C4D727 /* AutomataParserTest.swift */,
				DCB55D3D1F8C347700C4D727 /* AutomataTestCase.swift */,
				DC9C67DD1F8D57B10052351F /* DFAMinimizerTest.swift */,
				DC0C75F91F8C3CAA00C7F47C /* DFATest.swift */,
				DC9C67D91F8D51300052351F /* NFATest.swift */,
				DC45D34C1F9A6FC10002C8FE /* PDATest.swift */,
				DCD4E1A41F886BB60026BC74 /* Info.plist */,
			);
			path = AutomataTests;
			sourceTree = "<group>";
		};
/* End PBXGroup section */

/* Begin PBXHeadersBuildPhase section */
		DCD4E1911F886BB60026BC74 /* Headers */ = {
			isa = PBXHeadersBuildPhase;
			buildActionMask = 2147483647;
			files = (
			);
			runOnlyForDeploymentPostprocessing = 0;
		};
/* End PBXHeadersBuildPhase section */

/* Begin PBXNativeTarget section */
		DCD4E1931F886BB60026BC74 /* Automata */ = {
			isa = PBXNativeTarget;
			buildConfigurationList = DCD4E1A81F886BB60026BC74 /* Build configuration list for PBXNativeTarget "Automata" */;
			buildPhases = (
				DCD4E18F1F886BB60026BC74 /* Sources */,
				DCD4E1901F886BB60026BC74 /* Frameworks */,
				DCD4E1911F886BB60026BC74 /* Headers */,
				DCD4E1921F886BB60026BC74 /* Resources */,
			);
			buildRules = (
			);
			dependencies = (
			);
			name = Automata;
			productName = Automata;
			productReference = DCD4E1941F886BB60026BC74 /* Automata.framework */;
			productType = "com.apple.product-type.framework";
		};
		DCD4E19C1F886BB60026BC74 /* AutomataTests */ = {
			isa = PBXNativeTarget;
			buildConfigurationList = DCD4E1AB1F886BB60026BC74 /* Build configuration list for PBXNativeTarget "AutomataTests" */;
			buildPhases = (
				DCD4E1991F886BB60026BC74 /* Sources */,
				DCD4E19A1F886BB60026BC74 /* Frameworks */,
				DCD4E19B1F886BB60026BC74 /* Resources */,
			);
			buildRules = (
			);
			dependencies = (
				DCD4E1A01F886BB60026BC74 /* PBXTargetDependency */,
			);
			name = AutomataTests;
			productName = AutomataTests;
			productReference = DCD4E19D1F886BB60026BC74 /* AutomataTests.xctest */;
			productType = "com.apple.product-type.bundle.unit-test";
		};
/* End PBXNativeTarget section */

/* Begin PBXProject section */
		DCD4E18B1F886BB60026BC74 /* Project object */ = {
			isa = PBXProject;
			attributes = {
				LastSwiftUpdateCheck = 0900;
				LastUpgradeCheck = 0900;
				ORGANIZATIONNAME = CooperCorona;
				TargetAttributes = {
					DCD4E1931F886BB60026BC74 = {
						CreatedOnToolsVersion = 9.0;
						LastSwiftMigration = 0900;
						ProvisioningStyle = Automatic;
					};
					DCD4E19C1F886BB60026BC74 = {
						CreatedOnToolsVersion = 9.0;
						ProvisioningStyle = Automatic;
					};
				};
			};
			buildConfigurationList = DCD4E18E1F886BB60026BC74 /* Build configuration list for PBXProject "Automata" */;
			compatibilityVersion = "Xcode 8.0";
			developmentRegion = en;
			hasScannedForEncodings = 0;
			knownRegions = (
				en,
			);
			mainGroup = DCD4E18A1F886BB60026BC74;
			productRefGroup = DCD4E1951F886BB60026BC74 /* Products */;
			projectDirPath = "";
			projectReferences = (
				{
					ProductGroup = DCB55D331F8BEBEB00C4D727 /* Products */;
					ProjectRef = DCB55D321F8BEBEB00C4D727 /* CoronaConvenience.xcodeproj */;
				},
			);
			projectRoot = "";
			targets = (
				DCD4E1931F886BB60026BC74 /* Automata */,
				DCD4E19C1F886BB60026BC74 /* AutomataTests */,
			);
		};
/* End PBXProject section */

/* Begin PBXReferenceProxy section */
		DCB55D381F8BEBEB00C4D727 /* CoronaConvenience.framework */ = {
			isa = PBXReferenceProxy;
			fileType = wrapper.framework;
			path = CoronaConvenience.framework;
			remoteRef = DCB55D371F8BEBEB00C4D727 /* PBXContainerItemProxy */;
			sourceTree = BUILT_PRODUCTS_DIR;
		};
		DCB55D3A1F8BEBEB00C4D727 /* CoronaConvenience.Tests.xctest */ = {
			isa = PBXReferenceProxy;
			fileType = wrapper.cfbundle;
			path = CoronaConvenience.Tests.xctest;
			remoteRef = DCB55D391F8BEBEB00C4D727 /* PBXContainerItemProxy */;
			sourceTree = BUILT_PRODUCTS_DIR;
		};
/* End PBXReferenceProxy section */

/* Begin PBXResourcesBuildPhase section */
		DCD4E1921F886BB60026BC74 /* Resources */ = {
			isa = PBXResourcesBuildPhase;
			buildActionMask = 2147483647;
			files = (
			);
			runOnlyForDeploymentPostprocessing = 0;
		};
		DCD4E19B1F886BB60026BC74 /* Resources */ = {
			isa = PBXResourcesBuildPhase;
			buildActionMask = 2147483647;
			files = (
			);
			runOnlyForDeploymentPostprocessing = 0;
		};
/* End PBXResourcesBuildPhase section */

/* Begin PBXSourcesBuildPhase section */
		DCD4E18F1F886BB60026BC74 /* Sources */ = {
			isa = PBXSourcesBuildPhase;
			buildActionMask = 2147483647;
			files = (
				DCD4E1BD1F8876E10026BC74 /* AutomataError.swift in Sources */,
				DC3BB4431F96708F0009B0F4 /* PDAState.swift in Sources */,
				DC3BB43F1F9670880009B0F4 /* PDA.swift in Sources */,
				DCD4E1B71F886C040026BC74 /* Parser.swift in Sources */,
				DC416DC51F890FC200C6F980 /* NFAConverter.swift in Sources */,
				DC3BB4451F96760F0009B0F4 /* PDATransitionInput.swift in Sources */,
				DCB55D2F1F8BCFEC00C4D727 /* State.swift in Sources */,
				DCD4E1BB1F886C0C0026BC74 /* NFAState.swift in Sources */,
				DCD4E1B11F886BD60026BC74 /* Automata.swift in Sources */,
				DCB55D311F8BEA4400C4D727 /* AutomataParser.swift in Sources */,
				DCD4E1B91F886C080026BC74 /* DFAState.swift in Sources */,
				DC4062132056C82300EE21B5 /* DFAComparer.swift in Sources */,
				DC416DC71F890FD100C6F980 /* DFAMinimizer.swift in Sources */,
				DCD4E1B31F886BDC0026BC74 /* DFA.swift in Sources */,
				DCD4E1B51F886BEA0026BC74 /* NFA.swift in Sources */,
			);
			runOnlyForDeploymentPostprocessing = 0;
		};
		DCD4E1991F886BB60026BC74 /* Sources */ = {
			isa = PBXSourcesBuildPhase;
			buildActionMask = 2147483647;
			files = (
				DC9C67DE1F8D57B10052351F /* DFAMinimizerTest.swift in Sources */,
				DCB55D401F8C36B100C4D727 /* AutomataParserTest.swift in Sources */,
				DC9C67DA1F8D51300052351F /* NFATest.swift in Sources */,
				DC0C75FA1F8C3CAA00C7F47C /* DFATest.swift in Sources */,
				DCB55D3E1F8C347700C4D727 /* AutomataTestCase.swift in Sources */,
				DC45D34D1F9A6FC10002C8FE /* PDATest.swift in Sources */,
			);
			runOnlyForDeploymentPostprocessing = 0;
		};
/* End PBXSourcesBuildPhase section */

/* Begin PBXTargetDependency section */
		DCD4E1A01F886BB60026BC74 /* PBXTargetDependency */ = {
			isa = PBXTargetDependency;
			target = DCD4E1931F886BB60026BC74 /* Automata */;
			targetProxy = DCD4E19F1F886BB60026BC74 /* PBXContainerItemProxy */;
		};
/* End PBXTargetDependency section */

/* Begin XCBuildConfiguration section */
		DCD4E1A61F886BB60026BC74 /* Debug */ = {
			isa = XCBuildConfiguration;
			buildSettings = {
				ALWAYS_SEARCH_USER_PATHS = NO;
				CLANG_ANALYZER_NONNULL = YES;
				CLANG_ANALYZER_NUMBER_OBJECT_CONVERSION = YES_AGGRESSIVE;
				CLANG_CXX_LANGUAGE_STANDARD = "gnu++14";
				CLANG_CXX_LIBRARY = "libc++";
				CLANG_ENABLE_MODULES = YES;
				CLANG_ENABLE_OBJC_ARC = YES;
				CLANG_WARN_BLOCK_CAPTURE_AUTORELEASING = YES;
				CLANG_WARN_BOOL_CONVERSION = YES;
				CLANG_WARN_COMMA = YES;
				CLANG_WARN_CONSTANT_CONVERSION = YES;
				CLANG_WARN_DIRECT_OBJC_ISA_USAGE = YES_ERROR;
				CLANG_WARN_DOCUMENTATION_COMMENTS = YES;
				CLANG_WARN_EMPTY_BODY = YES;
				CLANG_WARN_ENUM_CONVERSION = YES;
				CLANG_WARN_INFINITE_RECURSION = YES;
				CLANG_WARN_INT_CONVERSION = YES;
				CLANG_WARN_NON_LITERAL_NULL_CONVERSION = YES;
				CLANG_WARN_OBJC_LITERAL_CONVERSION = YES;
				CLANG_WARN_OBJC_ROOT_CLASS = YES_ERROR;
				CLANG_WARN_RANGE_LOOP_ANALYSIS = YES;
				CLANG_WARN_STRICT_PROTOTYPES = YES;
				CLANG_WARN_SUSPICIOUS_MOVE = YES;
				CLANG_WARN_UNGUARDED_AVAILABILITY = YES_AGGRESSIVE;
				CLANG_WARN_UNREACHABLE_CODE = YES;
				CLANG_WARN__DUPLICATE_METHOD_MATCH = YES;
				CODE_SIGN_IDENTITY = "Mac Developer";
				COPY_PHASE_STRIP = NO;
				CURRENT_PROJECT_VERSION = 1;
				DEBUG_INFORMATION_FORMAT = dwarf;
				ENABLE_STRICT_OBJC_MSGSEND = YES;
				ENABLE_TESTABILITY = YES;
				GCC_C_LANGUAGE_STANDARD = gnu11;
				GCC_DYNAMIC_NO_PIC = NO;
				GCC_NO_COMMON_BLOCKS = YES;
				GCC_OPTIMIZATION_LEVEL = 0;
				GCC_PREPROCESSOR_DEFINITIONS = (
					"DEBUG=1",
					"$(inherited)",
				);
				GCC_WARN_64_TO_32_BIT_CONVERSION = YES;
				GCC_WARN_ABOUT_RETURN_TYPE = YES_ERROR;
				GCC_WARN_UNDECLARED_SELECTOR = YES;
				GCC_WARN_UNINITIALIZED_AUTOS = YES_AGGRESSIVE;
				GCC_WARN_UNUSED_FUNCTION = YES;
				GCC_WARN_UNUSED_VARIABLE = YES;
				MACOSX_DEPLOYMENT_TARGET = 10.12;
				MTL_ENABLE_DEBUG_INFO = YES;
				ONLY_ACTIVE_ARCH = YES;
				SDKROOT = macosx;
				SWIFT_ACTIVE_COMPILATION_CONDITIONS = DEBUG;
				SWIFT_OPTIMIZATION_LEVEL = "-Onone";
				VERSIONING_SYSTEM = "apple-generic";
				VERSION_INFO_PREFIX = "";
			};
			name = Debug;
		};
		DCD4E1A71F886BB60026BC74 /* Release */ = {
			isa = XCBuildConfiguration;
			buildSettings = {
				ALWAYS_SEARCH_USER_PATHS = NO;
				CLANG_ANALYZER_NONNULL = YES;
				CLANG_ANALYZER_NUMBER_OBJECT_CONVERSION = YES_AGGRESSIVE;
				CLANG_CXX_LANGUAGE_STANDARD = "gnu++14";
				CLANG_CXX_LIBRARY = "libc++";
				CLANG_ENABLE_MODULES = YES;
				CLANG_ENABLE_OBJC_ARC = YES;
				CLANG_WARN_BLOCK_CAPTURE_AUTORELEASING = YES;
				CLANG_WARN_BOOL_CONVERSION = YES;
				CLANG_WARN_COMMA = YES;
				CLANG_WARN_CONSTANT_CONVERSION = YES;
				CLANG_WARN_DIRECT_OBJC_ISA_USAGE = YES_ERROR;
				CLANG_WARN_DOCUMENTATION_COMMENTS = YES;
				CLANG_WARN_EMPTY_BODY = YES;
				CLANG_WARN_ENUM_CONVERSION = YES;
				CLANG_WARN_INFINITE_RECURSION = YES;
				CLANG_WARN_INT_CONVERSION = YES;
				CLANG_WARN_NON_LITERAL_NULL_CONVERSION = YES;
				CLANG_WARN_OBJC_LITERAL_CONVERSION = YES;
				CLANG_WARN_OBJC_ROOT_CLASS = YES_ERROR;
				CLANG_WARN_RANGE_LOOP_ANALYSIS = YES;
				CLANG_WARN_STRICT_PROTOTYPES = YES;
				CLANG_WARN_SUSPICIOUS_MOVE = YES;
				CLANG_WARN_UNGUARDED_AVAILABILITY = YES_AGGRESSIVE;
				CLANG_WARN_UNREACHABLE_CODE = YES;
				CLANG_WARN__DUPLICATE_METHOD_MATCH = YES;
				CODE_SIGN_IDENTITY = "Mac Developer";
				COPY_PHASE_STRIP = NO;
				CURRENT_PROJECT_VERSION = 1;
				DEBUG_INFORMATION_FORMAT = "dwarf-with-dsym";
				ENABLE_NS_ASSERTIONS = NO;
				ENABLE_STRICT_OBJC_MSGSEND = YES;
				GCC_C_LANGUAGE_STANDARD = gnu11;
				GCC_NO_COMMON_BLOCKS = YES;
				GCC_WARN_64_TO_32_BIT_CONVERSION = YES;
				GCC_WARN_ABOUT_RETURN_TYPE = YES_ERROR;
				GCC_WARN_UNDECLARED_SELECTOR = YES;
				GCC_WARN_UNINITIALIZED_AUTOS = YES_AGGRESSIVE;
				GCC_WARN_UNUSED_FUNCTION = YES;
				GCC_WARN_UNUSED_VARIABLE = YES;
				MACOSX_DEPLOYMENT_TARGET = 10.12;
				MTL_ENABLE_DEBUG_INFO = NO;
				SDKROOT = macosx;
				SWIFT_OPTIMIZATION_LEVEL = "-Owholemodule";
				VERSIONING_SYSTEM = "apple-generic";
				VERSION_INFO_PREFIX = "";
			};
			name = Release;
		};
		DCD4E1A91F886BB60026BC74 /* Debug */ = {
			isa = XCBuildConfiguration;
			buildSettings = {
				CLANG_ENABLE_MODULES = YES;
				CODE_SIGN_IDENTITY = "";
				CODE_SIGN_STYLE = Automatic;
				COMBINE_HIDPI_IMAGES = YES;
				DEFINES_MODULE = YES;
				DEVELOPMENT_TEAM = ULGC99Z6NQ;
				DYLIB_COMPATIBILITY_VERSION = 1;
				DYLIB_CURRENT_VERSION = 1;
				DYLIB_INSTALL_NAME_BASE = "@rpath";
				FRAMEWORK_VERSION = A;
				INFOPLIST_FILE = Automata/Info.plist;
				INSTALL_PATH = "$(LOCAL_LIBRARY_DIR)/Frameworks";
				LD_RUNPATH_SEARCH_PATHS = "$(inherited) @executable_path/../Frameworks @loader_path/Frameworks";
				PRODUCT_BUNDLE_IDENTIFIER = CooperCorona.Automata;
				PRODUCT_NAME = "$(TARGET_NAME:c99extidentifier)";
				SKIP_INSTALL = YES;
				SWIFT_OPTIMIZATION_LEVEL = "-Onone";
				SWIFT_VERSION = 4.0;
			};
			name = Debug;
		};
		DCD4E1AA1F886BB60026BC74 /* Release */ = {
			isa = XCBuildConfiguration;
			buildSettings = {
				CLANG_ENABLE_MODULES = YES;
				CODE_SIGN_IDENTITY = "";
				CODE_SIGN_STYLE = Automatic;
				COMBINE_HIDPI_IMAGES = YES;
				DEFINES_MODULE = YES;
				DEVELOPMENT_TEAM = ULGC99Z6NQ;
				DYLIB_COMPATIBILITY_VERSION = 1;
				DYLIB_CURRENT_VERSION = 1;
				DYLIB_INSTALL_NAME_BASE = "@rpath";
				FRAMEWORK_VERSION = A;
				INFOPLIST_FILE = Automata/Info.plist;
				INSTALL_PATH = "$(LOCAL_LIBRARY_DIR)/Frameworks";
				LD_RUNPATH_SEARCH_PATHS = "$(inherited) @executable_path/../Frameworks @loader_path/Frameworks";
				PRODUCT_BUNDLE_IDENTIFIER = CooperCorona.Automata;
				PRODUCT_NAME = "$(TARGET_NAME:c99extidentifier)";
				SKIP_INSTALL = YES;
				SWIFT_VERSION = 4.0;
			};
			name = Release;
		};
		DCD4E1AC1F886BB60026BC74 /* Debug */ = {
			isa = XCBuildConfiguration;
			buildSettings = {
				ALWAYS_EMBED_SWIFT_STANDARD_LIBRARIES = YES;
				CODE_SIGN_STYLE = Automatic;
				COMBINE_HIDPI_IMAGES = YES;
				DEVELOPMENT_TEAM = ULGC99Z6NQ;
				INFOPLIST_FILE = AutomataTests/Info.plist;
				LD_RUNPATH_SEARCH_PATHS = "$(inherited) @executable_path/../Frameworks @loader_path/../Frameworks";
				PRODUCT_BUNDLE_IDENTIFIER = CooperCorona.AutomataTests;
				PRODUCT_NAME = "$(TARGET_NAME)";
				SWIFT_VERSION = 4.0;
			};
			name = Debug;
		};
		DCD4E1AD1F886BB60026BC74 /* Release */ = {
			isa = XCBuildConfiguration;
			buildSettings = {
				ALWAYS_EMBED_SWIFT_STANDARD_LIBRARIES = YES;
				CODE_SIGN_STYLE = Automatic;
				COMBINE_HIDPI_IMAGES = YES;
				DEVELOPMENT_TEAM = ULGC99Z6NQ;
				INFOPLIST_FILE = AutomataTests/Info.plist;
				LD_RUNPATH_SEARCH_PATHS = "$(inherited) @executable_path/../Frameworks @loader_path/../Frameworks";
				PRODUCT_BUNDLE_IDENTIFIER = CooperCorona.AutomataTests;
				PRODUCT_NAME = "$(TARGET_NAME)";
				SWIFT_VERSION = 4.0;
			};
			name = Release;
		};
/* End XCBuildConfiguration section */

/* Begin XCConfigurationList section */
		DCD4E18E1F886BB60026BC74 /* Build configuration list for PBXProject "Automata" */ = {
			isa = XCConfigurationList;
			buildConfigurations = (
				DCD4E1A61F886BB60026BC74 /* Debug */,
				DCD4E1A71F886BB60026BC74 /* Release */,
			);
			defaultConfigurationIsVisible = 0;
			defaultConfigurationName = Release;
		};
		DCD4E1A81F886BB60026BC74 /* Build configuration list for PBXNativeTarget "Automata" */ = {
			isa = XCConfigurationList;
			buildConfigurations = (
				DCD4E1A91F886BB60026BC74 /* Debug */,
				DCD4E1AA1F886BB60026BC74 /* Release */,
			);
			defaultConfigurationIsVisible = 0;
			defaultConfigurationName = Release;
		};
		DCD4E1AB1F886BB60026BC74 /* Build configuration list for PBXNativeTarget "AutomataTests" */ = {
			isa = XCConfigurationList;
			buildConfigurations = (
				DCD4E1AC1F886BB60026BC74 /* Debug */,
				DCD4E1AD1F886BB60026BC74 /* Release */,
			);
			defaultConfigurationIsVisible = 0;
			defaultConfigurationName = Release;
		};
/* End XCConfigurationList section */
	};
	rootObject = DCD4E18B1F886BB60026BC74 /* Project object */;
}
